
Microsoft Visual Studio Solution File, Format Version 12.00
# Visual Studio Version 16
VisualStudioVersion = 16.0.28803.452
MinimumVisualStudioVersion = 10.0.40219.1
Project("{8BC9CEB8-8B4A-11D0-8D11-00A0C91BC942}") = "MariadbCModelWrapper", "MariadbCModelWrapper.vcxproj", "{35A49E71-080E-4DC3-93F2-6010E3F6801A}"
EndProject
Global
	GlobalSection(SolutionConfigurationPlatforms) = preSolution
		Debug|x64 = Debug|x64
		Debug|x86 = Debug|x86
		Release|x64 = Release|x64
		Release|x86 = Release|x86
	EndGlobalSection
	GlobalSection(ProjectConfigurationPlatforms) = postSolution
		{35A49E71-080E-4DC3-93F2-6010E3F6801A}.Debug|x64.ActiveCfg = Debug|x64
		{35A49E71-080E-4DC3-93F2-6010E3F6801A}.Debug|x64.Build.0 = Debug|x64
		{35A49E71-080E-4DC3-93F2-6010E3F6801A}.Debug|x86.ActiveCfg = Debug|Win32
		{35A49E71-080E-4DC3-93F2-6010E3F6801A}.Debug|x86.Build.0 = Debug|Win32
		{35A49E71-080E-4DC3-93F2-6010E3F6801A}.Release|x64.ActiveCfg = Release|x64
		{35A49E71-080E-4DC3-93F2-6010E3F6801A}.Release|x64.Build.0 = Release|x64
		{35A49E71-080E-4DC3-93F2-6010E3F6801A}.Release|x86.ActiveCfg = Release|Win32
		{35A49E71-080E-4DC3-93F2-6010E3F6801A}.Release|x86.Build.0 = Release|Win32
	EndGlobalSection
	GlobalSection(SolutionProperties) = preSolution
		HideSolutionNode = FALSE
	EndGlobalSection
	GlobalSection(ExtensibilityGlobals) = postSolution
		SolutionGuid = {D9DB7015-4EFD-4B35-A87E-E4EBF11AE2A0}
	EndGlobalSection
EndGlobal
